
Microsoft Visual Studio Solution File, Format Version 12.00
Project("{FAE04EC0-301F-11D3-BF4B-00C04F79EFBC}") = "repository", "repository\repository.csproj", "{19C16456-8872-471E-9AD0-2935CEA144AA}"
EndProject
Global
	GlobalSection(SolutionConfigurationPlatforms) = preSolution
		Debug|Any CPU = Debug|Any CPU
		Release|Any CPU = Release|Any CPU
	EndGlobalSection
	GlobalSection(ProjectConfigurationPlatforms) = postSolution
		{19C16456-8872-471E-9AD0-2935CEA144AA}.Debug|Any CPU.ActiveCfg = Debug|Any CPU
		{19C16456-8872-471E-9AD0-2935CEA144AA}.Debug|Any CPU.Build.0 = Debug|Any CPU
		{19C16456-8872-471E-9AD0-2935CEA144AA}.Release|Any CPU.ActiveCfg = Release|Any CPU
		{19C16456-8872-471E-9AD0-2935CEA144AA}.Release|Any CPU.Build.0 = Release|Any CPU
	EndGlobalSection
EndGlobal
